
Microsoft Visual Studio Solution File, Format Version 12.00
# Visual Studio Version 17
VisualStudioVersion = 17.5.33424.131
MinimumVisualStudioVersion = 10.0.40219.1
Project("{FAE04EC0-301F-11D3-BF4B-00C04F79EFBC}") = "DbConsoleApp", "DbConsoleApp\DbConsoleApp.csproj", "{DAC4F28C-95A1-4CE5-8C6A-053F775C3529}"
EndProject
Global
	GlobalSection(SolutionConfigurationPlatforms) = preSolution
		Debug|Any CPU = Debug|Any CPU
		Release|Any CPU = Release|Any CPU
	EndGlobalSection
	GlobalSection(ProjectConfigurationPlatforms) = postSolution
		{DAC4F28C-95A1-4CE5-8C6A-053F775C3529}.Debug|Any CPU.ActiveCfg = Debug|Any CPU
		{DAC4F28C-95A1-4CE5-8C6A-053F775C3529}.Debug|Any CPU.Build.0 = Debug|Any CPU
		{DAC4F28C-95A1-4CE5-8C6A-053F775C3529}.Release|Any CPU.ActiveCfg = Release|Any CPU
		{DAC4F28C-95A1-4CE5-8C6A-053F775C3529}.Release|Any CPU.Build.0 = Release|Any CPU
	EndGlobalSection
	GlobalSection(SolutionProperties) = preSolution
		HideSolutionNode = FALSE
	EndGlobalSection
	GlobalSection(ExtensibilityGlobals) = postSolution
		SolutionGuid = {7629C29B-5ED2-4685-97BA-52522F677814}
	EndGlobalSection
EndGlobal
